
Microsoft Visual Studio Solution File, Format Version 12.00
# Visual Studio Version 16
VisualStudioVersion = 16.0.30717.126
MinimumVisualStudioVersion = 10.0.40219.1
Project("{FAE04EC0-301F-11D3-BF4B-00C04F79EFBC}") = "Cap06", "Cap06\Cap06.csproj", "{F115D9E6-6069-4808-A3FF-355353708EFF}"
EndProject
Global
	GlobalSection(SolutionConfigurationPlatforms) = preSolution
		Debug|Any CPU = Debug|Any CPU
		Release|Any CPU = Release|Any CPU
	EndGlobalSection
	GlobalSection(ProjectConfigurationPlatforms) = postSolution
		{F115D9E6-6069-4808-A3FF-355353708EFF}.Debug|Any CPU.ActiveCfg = Debug|Any CPU
		{F115D9E6-6069-4808-A3FF-355353708EFF}.Debug|Any CPU.Build.0 = Debug|Any CPU
		{F115D9E6-6069-4808-A3FF-355353708EFF}.Release|Any CPU.ActiveCfg = Release|Any CPU
		{F115D9E6-6069-4808-A3FF-355353708EFF}.Release|Any CPU.Build.0 = Release|Any CPU
	EndGlobalSection
	GlobalSection(SolutionProperties) = preSolution
		HideSolutionNode = FALSE
	EndGlobalSection
	GlobalSection(ExtensibilityGlobals) = postSolution
		SolutionGuid = {54E8E5D3-4D04-499C-8BE1-53F9AC30223A}
	EndGlobalSection
EndGlobal
